
Microsoft Visual Studio Solution File, Format Version 12.00
# Visual Studio Version 17
VisualStudioVersion = 17.4.33213.308
MinimumVisualStudioVersion = 10.0.40219.1
Project("{FAE04EC0-301F-11D3-BF4B-00C04F79EFBC}") = "SeamsShadow", "SeamsShadow\SeamsShadow.csproj", "{AF94BD18-4BB7-4E3A-8BC2-B15B35F26EE1}"
EndProject
Global
	GlobalSection(SolutionConfigurationPlatforms) = preSolution
		Debug|Any CPU = Debug|Any CPU
		Release|Any CPU = Release|Any CPU
	EndGlobalSection
	GlobalSection(ProjectConfigurationPlatforms) = postSolution
		{AF94BD18-4BB7-4E3A-8BC2-B15B35F26EE1}.Debug|Any CPU.ActiveCfg = Debug|Any CPU
		{AF94BD18-4BB7-4E3A-8BC2-B15B35F26EE1}.Debug|Any CPU.Build.0 = Debug|Any CPU
		{AF94BD18-4BB7-4E3A-8BC2-B15B35F26EE1}.Release|Any CPU.ActiveCfg = Release|Any CPU
		{AF94BD18-4BB7-4E3A-8BC2-B15B35F26EE1}.Release|Any CPU.Build.0 = Release|Any CPU
	EndGlobalSection
	GlobalSection(SolutionProperties) = preSolution
		HideSolutionNode = FALSE
	EndGlobalSection
	GlobalSection(ExtensibilityGlobals) = postSolution
		SolutionGuid = {B548EA31-5060-45F0-ADFC-D0B6EFB752B1}
	EndGlobalSection
EndGlobal
